Microsoft Visual Studio Solution File, Format Version 12.00
# Visual Studio 15
Project("{8BC9CEB8-8B4A-11D0-8D11-00A0C91BC942}") = "ALL_BUILD", "ALL_BUILD.vcxproj", "{5C6A894F-EFAA-31BB-BC5F-B75CB6E39203}"
	ProjectSection(ProjectDependencies) = postProject
		{9CE5F4C1-CA7A-3E0F-8036-C32116B86E6A} = {9CE5F4C1-CA7A-3E0F-8036-C32116B86E6A}
		{E661D2C3-61CE-344C-BF48-C3A41331D9C0} = {E661D2C3-61CE-344C-BF48-C3A41331D9C0}
	EndProjectSection
EndProject
Project("{8BC9CEB8-8B4A-11D0-8D11-00A0C91BC942}") = "INSTALL", "INSTALL.vcxproj", "{D2A239CE-BC56-3B99-AA89-40B1E86FD734}"
	ProjectSection(ProjectDependencies) = postProject
		{5C6A894F-EFAA-31BB-BC5F-B75CB6E39203} = {5C6A894F-EFAA-31BB-BC5F-B75CB6E39203}
		{9CE5F4C1-CA7A-3E0F-8036-C32116B86E6A} = {9CE5F4C1-CA7A-3E0F-8036-C32116B86E6A}
	EndProjectSection
EndProject
Project("{8BC9CEB8-8B4A-11D0-8D11-00A0C91BC942}") = "ZERO_CHECK", "ZERO_CHECK.vcxproj", "{9CE5F4C1-CA7A-3E0F-8036-C32116B86E6A}"
	ProjectSection(ProjectDependencies) = postProject
	EndProjectSection
EndProject
Project("{8BC9CEB8-8B4A-11D0-8D11-00A0C91BC942}") = "tmxlite", "tmxlite.vcxproj", "{E661D2C3-61CE-344C-BF48-C3A41331D9C0}"
	ProjectSection(ProjectDependencies) = postProject
		{9CE5F4C1-CA7A-3E0F-8036-C32116B86E6A} = {9CE5F4C1-CA7A-3E0F-8036-C32116B86E6A}
	EndProjectSection
EndProject
Global
	GlobalSection(SolutionConfigurationPlatforms) = preSolution
		Debug|Win32 = Debug|Win32
		Release|Win32 = Release|Win32
		MinSizeRel|Win32 = MinSizeRel|Win32
		RelWithDebInfo|Win32 = RelWithDebInfo|Win32
	EndGlobalSection
	GlobalSection(ProjectConfigurationPlatforms) = postSolution
		{5C6A894F-EFAA-31BB-BC5F-B75CB6E39203}.Debug|Win32.ActiveCfg = Debug|Win32
		{5C6A894F-EFAA-31BB-BC5F-B75CB6E39203}.Debug|Win32.Build.0 = Debug|Win32
		{5C6A894F-EFAA-31BB-BC5F-B75CB6E39203}.Release|Win32.ActiveCfg = Release|Win32
		{5C6A894F-EFAA-31BB-BC5F-B75CB6E39203}.Release|Win32.Build.0 = Release|Win32
		{5C6A894F-EFAA-31BB-BC5F-B75CB6E39203}.MinSizeRel|Win32.ActiveCfg = MinSizeRel|Win32
		{5C6A894F-EFAA-31BB-BC5F-B75CB6E39203}.MinSizeRel|Win32.Build.0 = MinSizeRel|Win32
		{5C6A894F-EFAA-31BB-BC5F-B75CB6E39203}.RelWithDebInfo|Win32.ActiveCfg = RelWithDebInfo|Win32
		{5C6A894F-EFAA-31BB-BC5F-B75CB6E39203}.RelWithDebInfo|Win32.Build.0 = RelWithDebInfo|Win32
		{D2A239CE-BC56-3B99-AA89-40B1E86FD734}.Debug|Win32.ActiveCfg = Debug|Win32
		{D2A239CE-BC56-3B99-AA89-40B1E86FD734}.Release|Win32.ActiveCfg = Release|Win32
		{D2A239CE-BC56-3B99-AA89-40B1E86FD734}.MinSizeRel|Win32.ActiveCfg = MinSizeRel|Win32
		{D2A239CE-BC56-3B99-AA89-40B1E86FD734}.RelWithDebInfo|Win32.ActiveCfg = RelWithDebInfo|Win32
		{9CE5F4C1-CA7A-3E0F-8036-C32116B86E6A}.Debug|Win32.ActiveCfg = Debug|Win32
		{9CE5F4C1-CA7A-3E0F-8036-C32116B86E6A}.Debug|Win32.Build.0 = Debug|Win32
		{9CE5F4C1-CA7A-3E0F-8036-C32116B86E6A}.Release|Win32.ActiveCfg = Release|Win32
		{9CE5F4C1-CA7A-3E0F-8036-C32116B86E6A}.Release|Win32.Build.0 = Release|Win32
		{9CE5F4C1-CA7A-3E0F-8036-C32116B86E6A}.MinSizeRel|Win32.ActiveCfg = MinSizeRel|Win32
		{9CE5F4C1-CA7A-3E0F-8036-C32116B86E6A}.MinSizeRel|Win32.Build.0 = MinSizeRel|Win32
		{9CE5F4C1-CA7A-3E0F-8036-C32116B86E6A}.RelWithDebInfo|Win32.ActiveCfg = RelWithDebInfo|Win32
		{9CE5F4C1-CA7A-3E0F-8036-C32116B86E6A}.RelWithDebInfo|Win32.Build.0 = RelWithDebInfo|Win32
		{E661D2C3-61CE-344C-BF48-C3A41331D9C0}.Debug|Win32.ActiveCfg = Debug|Win32
		{E661D2C3-61CE-344C-BF48-C3A41331D9C0}.Debug|Win32.Build.0 = Debug|Win32
		{E661D2C3-61CE-344C-BF48-C3A41331D9C0}.Release|Win32.ActiveCfg = Release|Win32
		{E661D2C3-61CE-344C-BF48-C3A41331D9C0}.Release|Win32.Build.0 = Release|Win32
		{E661D2C3-61CE-344C-BF48-C3A41331D9C0}.MinSizeRel|Win32.ActiveCfg = MinSizeRel|Win32
		{E661D2C3-61CE-344C-BF48-C3A41331D9C0}.MinSizeRel|Win32.Build.0 = MinSizeRel|Win32
		{E661D2C3-61CE-344C-BF48-C3A41331D9C0}.RelWithDebInfo|Win32.ActiveCfg = RelWithDebInfo|Win32
		{E661D2C3-61CE-344C-BF48-C3A41331D9C0}.RelWithDebInfo|Win32.Build.0 = RelWithDebInfo|Win32
	EndGlobalSection
	GlobalSection(ExtensibilityGlobals) = postSolution
		SolutionGuid = {A2FF16BF-5C41-3817-B254-9340B5966E10}
	EndGlobalSection
	GlobalSection(ExtensibilityAddIns) = postSolution
	EndGlobalSection
EndGlobal
